{
    "_meta": {
        "hash": {
            "sha256": "10a24efdd24f649a16bf13d6713e10cf9e50847ee60f375e43257b7f7138a0ae"
        },
        "pipfile-spec": 6,
        "requires": {},
        "sources": [
            {
                "name": "pypi",
                "url": "https://pypi.org/simple",
                "verify_ssl": true
            }
        ]
    },
    "default": {
        "auger-cli": {
            "editable": true,
            "path": "."
        },
        "certifi": {
            "hashes": [
                "sha256:47f9c83ef4c0c621eaef743f133f09fa8a74a9b75f037e8624f83bd1b6626cb7",
                "sha256:993f830721089fef441cdfeb4b2c8c9df86f0c63239f06bd025a76a7daddb033"
            ],
            "version": "==2018.11.29"
        },
        "chardet": {
            "hashes": [
                "sha256:84ab92ed1c4d4f16916e05906b6b75a6c0fb5db821cc65e70cbd64a3e2a5eaae",
                "sha256:fc323ffcaeaed0e0a02bf4d117757b98aed530d9ed4531e3e15460124c106691"
            ],
            "version": "==3.0.4"
        },
        "click": {
            "hashes": [
                "sha256:2335065e6395b9e67ca716de5f7526736bfa6ceead690adf616d925bdc622b13",
                "sha256:5b94b49521f6456670fdb30cd82a4eca9412788a93fa6dd6df72c94d5a8ff2d7"
            ],
            "version": "==7.0"
        },
        "click-spinner": {
            "hashes": [
                "sha256:67b5af5e825faf82a4fc6cda77c58359abe716fb1c9bc12cc7bea9a0cae1fc8e"
            ],
            "version": "==0.1.8"
        },
        "coreapi": {
            "hashes": [
                "sha256:3becd0c66021a9de161fef2a13ad5b1f1cfcca2681994a13d7fd273355d1d37a",
                "sha256:59acf691c93ee267e9f60e75a0118d29ad46f30e779eadd6780bd61a0185091b"
            ],
            "version": "==2.1.1"
        },
        "coreapi-cli": {
            "hashes": [
                "sha256:0ea0a60c8068d9be55e31fe9e1c84dbad49fea4c1a93846ed6faa4f399fb00b0"
            ],
            "version": "==1.0.6"
        },
        "idna": {
            "hashes": [
                "sha256:c357b3f628cf53ae2c4c05627ecc484553142ca23264e593d327bcde5e9c3407",
                "sha256:ea8b7f6188e6fa117537c3df7da9fc686d485087abf6ac197f9c46432f7e4a3c"
            ],
            "version": "==2.8"
        },
        "itypes": {
            "hashes": [
                "sha256:c6e77bb9fd68a4bfeb9d958fea421802282451a25bac4913ec94db82a899c073"
            ],
            "version": "==1.1.0"
        },
        "openapi-codec": {
            "hashes": [
                "sha256:d8a04fe409ddf1bd58e27e247390dd3ac4090dbfd1eb63e7afa9c990feb86692"
            ],
            "version": "==1.2.1"
        },
        "requests": {
            "hashes": [
                "sha256:502a824f31acdacb3a35b6690b5fbf0bc41d63a24a45c4004352b0242707598e",
                "sha256:7bf2a778576d825600030a110f3c0e3e8edc51dfaafe1c146e39a2027784957b"
            ],
            "version": "==2.21.0"
        },
        "ruamel.yaml": {
            "hashes": [
                "sha256:0ae64b150ec39667ce2815227271207d27a6218bc501b73e70a7403f2cf987ee",
                "sha256:0e6aa488ec65fcaf7cca609d83a2b0e13d429a6080dd6ef3fd89dcbf67f13c1d",
                "sha256:1085219e373381c8a4ac911be2f167d2c67485af82199db0abee11cfe06283d5",
                "sha256:181aeecf6d037e34c325c191b0a14188921964dd02c34a4d01bf7881060c22d0",
                "sha256:1bafe5773c559ef8e06d53f35bfcaad0510ef069db8b3fb50bf9816b3c531633",
                "sha256:20bc4549b86f7e5a558c06e51c97821d8b7658d4b01d3e21713a53db6f45779a",
                "sha256:325b5b1df1b29ecaaa3dab6745ee0a35d51e58aa19b90cab8ba11c498d438cb7",
                "sha256:3e89d657a11fee61120d304efcab92409ea4a21c9629626cbb7aabbac7b713d9",
                "sha256:551142c578813ee25e4952dda820701f0201d0292e8807e8fb5490d19bab8181",
                "sha256:6d8bf658b64ebeccb67bccccd01833cdbe5369c1436365d41052d23e5cbf716f",
                "sha256:76aadb21b3186599057c8874104c8467270307e12faed124dc5ee1cfcd4e240f",
                "sha256:86d034aa9e2ab3eacc5f75f5cd6a469a2af533b6d9e60ea92edbba540d21b9b7",
                "sha256:aa4bfa597c58f2efcae98add337ada85ded45288936a15ddc2d29ff3f5ce3ddf",
                "sha256:b76a4cf08e9392765cf6a25eae63a12fb27c6cc4a8ee5416a49cd54627151f46",
                "sha256:bd9976f13d14f6cb6da1748c7678198b6f9346cbbe0ad18eb74c024a7a2c0d08",
                "sha256:c3c1af293b9e6a84b5da3954f4ae81b30d07a626717cfb6f099ffe0901ff1eac",
                "sha256:c64ae6da2da174fce281a088d7634c6e545db5fb989a3cecec2aa9cef2634a92",
                "sha256:ca742877ea6948cb80c70aaf5d76011694eb072d98264a704b04ffc2d4c0d440",
                "sha256:cfefc391d5a3a7e8b1c6195f364d2f11f898f07eef277ef8e93a4e3ccafbd7c2",
                "sha256:f004249eb8b873c4f48361dc814450e47dab53b5312334cff0a9d381a4589f03",
                "sha256:fc6a2b2f4453944ab8bbe4d6d2eba0c864c098baa8487b08e4340a93a1f811c7",
                "sha256:fffc4dd4097451c0ae1c6cb89bbff1a8248fda6366adb08d1c7bbc4ea2e6a637"
            ],
            "version": "==0.15.89"
        },
        "uritemplate": {
            "hashes": [
                "sha256:01c69f4fe8ed503b2951bef85d996a9d22434d2431584b5b107b2981ff416fbd",
                "sha256:1b9c467a940ce9fb9f50df819e8ddd14696f89b9a8cc87ac77952ba416e0a8fd",
                "sha256:c02643cebe23fc8adb5e6becffe201185bf06c40bda5c0b4028a93f1527d011d"
            ],
            "version": "==3.0.0"
        },
        "urllib3": {
            "hashes": [
                "sha256:61bf29cada3fc2fbefad4fdf059ea4bd1b4a86d2b6d15e1c7c0b582b9752fe39",
                "sha256:de9529817c93f27c8ccbfead6985011db27bd0ddfcdb2d86f3f663385c6a9c22"
            ],
            "version": "==1.24.1"
        }
    },
    "develop": {}
}
